
Microsoft Visual Studio Solution File, Format Version 9.00
# Visual Studio 2005
Project("{FAE04EC0-301F-11D3-BF4B-00C04F79EFBC}") = "SqlSmartTest", "SqlSmartTest.csproj", "{5305F5D8-66BC-4D54-B6E8-D7437E3E98D3}"
EndProject
Project("{FAE04EC0-301F-11D3-BF4B-00C04F79EFBC}") = "SqlSmart", "SqlSmart\SqlSmart.csproj", "{46AB3FC6-134C-4F9B-BC9F-7D1948B8F38F}"
EndProject
Global
	GlobalSection(SolutionConfigurationPlatforms) = preSolution
		Debug|Any CPU = Debug|Any CPU
		Release|Any CPU = Release|Any CPU
	EndGlobalSection
	GlobalSection(ProjectConfigurationPlatforms) = postSolution
		{5305F5D8-66BC-4D54-B6E8-D7437E3E98D3}.Debug|Any CPU.ActiveCfg = Debug|Any CPU
		{5305F5D8-66BC-4D54-B6E8-D7437E3E98D3}.Debug|Any CPU.Build.0 = Debug|Any CPU
		{5305F5D8-66BC-4D54-B6E8-D7437E3E98D3}.Release|Any CPU.ActiveCfg = Release|Any CPU
		{5305F5D8-66BC-4D54-B6E8-D7437E3E98D3}.Release|Any CPU.Build.0 = Release|Any CPU
		{46AB3FC6-134C-4F9B-BC9F-7D1948B8F38F}.Debug|Any CPU.ActiveCfg = Debug|Any CPU
		{46AB3FC6-134C-4F9B-BC9F-7D1948B8F38F}.Debug|Any CPU.Build.0 = Debug|Any CPU
		{46AB3FC6-134C-4F9B-BC9F-7D1948B8F38F}.Release|Any CPU.ActiveCfg = Release|Any CPU
		{46AB3FC6-134C-4F9B-BC9F-7D1948B8F38F}.Release|Any CPU.Build.0 = Release|Any CPU
	EndGlobalSection
	GlobalSection(SolutionProperties) = preSolution
		HideSolutionNode = FALSE
	EndGlobalSection
EndGlobal
